// !$*UTF8*$!
{
	archiveVersion = 1;
	classes = {
	};
	objectVersion = 46;
	objects = {

/* Begin PBXBuildFile section */
		030F66F51ABCB267007BFDA8 /* AppDelegate.swift in Sources */ = {isa = PBXBuildFile; fileRef = 030F66F41ABCB267007BFDA8 /* AppDelegate.swift */; };
		030F66F71ABCB267007BFDA8 /* ViewController.swift in Sources */ = {isa = PBXBuildFile; fileRef = 030F66F61ABCB267007BFDA8 /* ViewController.swift */; };
		030F66FA1ABCB267007BFDA8 /* Main.storyboard in Resources */ = {isa = PBXBuildFile; fileRef = 030F66F81ABCB267007BFDA8 /* Main.storyboard */; };
		030F66FC1ABCB267007BFDA8 /* Images.xcassets in Resources */ = {isa = PBXBuildFile; fileRef = 030F66FB1ABCB267007BFDA8 /* Images.xcassets */; };
		030F66FF1ABCB267007BFDA8 /* LaunchScreen.xib in Resources */ = {isa = PBXBuildFile; fileRef = 030F66FD1ABCB267007BFDA8 /* LaunchScreen.xib */; };
		030F670B1ABCB267007BFDA8 /* AutoLayoutThirdsTests.swift in Sources */ = {isa = PBXBuildFile; fileRef = 030F670A1ABCB267007BFDA8 /* AutoLayoutThirdsTests.swift */; };
/* End PBXBuildFile section */

/* Begin PBXContainerItemProxy section */
		030F67051ABCB267007BFDA8 /* PBXContainerItemProxy */ = {
			isa = PBXContainerItemProxy;
			containerPortal = 030F66E71ABCB267007BFDA8 /* Project object */;
			proxyType = 1;
			remoteGlobalIDString = 030F66EE1ABCB267007BFDA8;
			remoteInfo = AutoLayoutThirds;
		};
/* End PBXContainerItemProxy section */

/* Begin PBXFileReference section */
		030F66EF1ABCB267007BFDA8 /* AutoLayoutThirds.app */ = {isa = PBXFileReference; explicitFileType = wrapper.application; includeInIndex = 0; path = AutoLayoutThirds.app; sourceTree = BUILT_PRODUCTS_DIR; };
		030F66F31ABCB267007BFDA8 /* Info.plist */ = {isa = PBXFileReference; lastKnownFileType = text.plist.xml; path = Info.plist; sourceTree = "<group>"; };
		030F66F41ABCB267007BFDA8 /* AppDelegate.swift */ = {isa = PBXFileReference; lastKnownFileType = sourcecode.swift; path = AppDelegate.swift; sourceTree = "<group>"; };
		030F66F61ABCB267007BFDA8 /* ViewController.swift */ = {isa = PBXFileReference; lastKnownFileType = sourcecode.swift; path = ViewController.swift; sourceTree = "<group>"; };
		030F66F91ABCB267007BFDA8 /* Base */ = {isa = PBXFileReference; lastKnownFileType = file.storyboard; name = Base; path = Base.lproj/Main.storyboard; sourceTree = "<group>"; };
		030F66FB1ABCB267007BFDA8 /* Images.xcassets */ = {isa = PBXFileReference; lastKnownFileType = folder.assetcatalog; path = Images.xcassets; sourceTree = "<group>"; };
		030F66FE1ABCB267007BFDA8 /* Base */ = {isa = PBXFileReference; lastKnownFileType = file.xib; name = Base; path = Base.lproj/LaunchScreen.xib; sourceTree = "<group>"; };
		030F67041ABCB267007BFDA8 /* AutoLayoutThirdsTests.xctest */ = {isa = PBXFileReference; explicitFileType = wrapper.cfbundle; includeInIndex = 0; path = AutoLayoutThirdsTests.xctest; sourceTree = BUILT_PRODUCTS_DIR; };
		030F67091ABCB267007BFDA8 /* Info.plist */ = {isa = PBXFileReference; lastKnownFileType = text.plist.xml; path = Info.plist; sourceTree = "<group>"; };
		030F670A1ABCB267007BFDA8 /* AutoLayoutThirdsTests.swift */ = {isa = PBXFileReference; lastKnownFileType = sourcecode.swift; path = AutoLayoutThirdsTests.swift; sourceTree = "<group>"; };
/* End PBXFileReference section */

/* Begin PBXFrameworksBuildPhase section */
		030F66EC1ABCB267007BFDA8 /* Frameworks */ = {
			isa = PBXFrameworksBuildPhase;
			buildActionMask = 2147483647;
			files = (
			);
			runOnlyForDeploymentPostprocessing = 0;
		};
		030F67011ABCB267007BFDA8 /* Frameworks */ = {
			isa = PBXFrameworksBuildPhase;
			buildActionMask = 2147483647;
			files = (
			);
			runOnlyForDeploymentPostprocessing = 0;
		};
/* End PBXFrameworksBuildPhase section */

/* Begin PBXGroup section */
		030F66E61ABCB267007BFDA8 = {
			isa = PBXGroup;
			children = (
				030F66F11ABCB267007BFDA8 /* AutoLayoutThirds */,
				030F67071ABCB267007BFDA8 /* AutoLayoutThirdsTests */,
				030F66F01ABCB267007BFDA8 /* Products */,
			);
			sourceTree = "<group>";
		};
		030F66F01ABCB267007BFDA8 /* Products */ = {
			isa = PBXGroup;
			children = (
				030F66EF1ABCB267007BFDA8 /* AutoLayoutThirds.app */,
				030F67041ABCB267007BFDA8 /* AutoLayoutThirdsTests.xctest */,
			);
			name = Products;
			sourceTree = "<group>";
		};
		030F66F11ABCB267007BFDA8 /* AutoLayoutThirds */ = {
			isa = PBXGroup;
			children = (
				030F66F41ABCB267007BFDA8 /* AppDelegate.swift */,
				030F66F61ABCB267007BFDA8 /* ViewController.swift */,
				030F66F81ABCB267007BFDA8 /* Main.storyboard */,
				030F66FB1ABCB267007BFDA8 /* Images.xcassets */,
				030F66FD1ABCB267007BFDA8 /* LaunchScreen.xib */,
				030F66F21ABCB267007BFDA8 /* Supporting Files */,
			);
			path = AutoLayoutThirds;
			sourceTree = "<group>";
		};
		030F66F21ABCB267007BFDA8 /* Supporting Files */ = {
			isa = PBXGroup;
			children = (
				030F66F31ABCB267007BFDA8 /* Info.plist */,
			);
			name = "Supporting Files";
			sourceTree = "<group>";
		};
		030F67071ABCB267007BFDA8 /* AutoLayoutThirdsTests */ = {
			isa = PBXGroup;
			children = (
				030F670A1ABCB267007BFDA8 /* AutoLayoutThirdsTests.swift */,
				030F67081ABCB267007BFDA8 /* Supporting Files */,
			);
			path = AutoLayoutThirdsTests;
			sourceTree = "<group>";
		};
		030F67081ABCB267007BFDA8 /* Supporting Files */ = {
			isa = PBXGroup;
			children = (
				030F67091ABCB267007BFDA8 /* Info.plist */,
			);
			name = "Supporting Files";
			sourceTree = "<group>";
		};
/* End PBXGroup section */

/* Begin PBXNativeTarget section */
		030F66EE1ABCB267007BFDA8 /* AutoLayoutThirds */ = {
			isa = PBXNativeTarget;
			buildConfigurationList = 030F670E1ABCB267007BFDA8 /* Build configuration list for PBXNativeTarget "AutoLayoutThirds" */;
			buildPhases = (
				030F66EB1ABCB267007BFDA8 /* Sources */,
				030F66EC1ABCB267007BFDA8 /* Frameworks */,
				030F66ED1ABCB267007BFDA8 /* Resources */,
			);
			buildRules = (
			);
			dependencies = (
			);
			name = AutoLayoutThirds;
			productName = AutoLayoutThirds;
			productReference = 030F66EF1ABCB267007BFDA8 /* AutoLayoutThirds.app */;
			productType = "com.apple.product-type.application";
		};
		030F67031ABCB267007BFDA8 /* AutoLayoutThirdsTests */ = {
			isa = PBXNativeTarget;
			buildConfigurationList = 030F67111ABCB267007BFDA8 /* Build configuration list for PBXNativeTarget "AutoLayoutThirdsTests" */;
			buildPhases = (
				030F67001ABCB267007BFDA8 /* Sources */,
				030F67011ABCB267007BFDA8 /* Frameworks */,
				030F67021ABCB267007BFDA8 /* Resources */,
			);
			buildRules = (
			);
			dependencies = (
				030F67061ABCB267007BFDA8 /* PBXTargetDependency */,
			);
			name = AutoLayoutThirdsTests;
			productName = AutoLayoutThirdsTests;
			productReference = 030F67041ABCB267007BFDA8 /* AutoLayoutThirdsTests.xctest */;
			productType = "com.apple.product-type.bundle.unit-test";
		};
/* End PBXNativeTarget section */

/* Begin PBXProject section */
		030F66E71ABCB267007BFDA8 /* Project object */ = {
			isa = PBXProject;
			attributes = {
				LastUpgradeCheck = 0620;
				ORGANIZATIONNAME = "Roadfire Software";
				TargetAttributes = {
					030F66EE1ABCB267007BFDA8 = {
						CreatedOnToolsVersion = 6.2;
					};
					030F67031ABCB267007BFDA8 = {
						CreatedOnToolsVersion = 6.2;
						TestTargetID = 030F66EE1ABCB267007BFDA8;
					};
				};
			};
			buildConfigurationList = 030F66EA1ABCB267007BFDA8 /* Build configuration list for PBXProject "AutoLayoutThirds" */;
			compatibilityVersion = "Xcode 3.2";
			developmentRegion = English;
			hasScannedForEncodings = 0;
			knownRegions = (
				en,
				Base,
			);
			mainGroup = 030F66E61ABCB267007BFDA8;
			productRefGroup = 030F66F01ABCB267007BFDA8 /* Products */;
			projectDirPath = "";
			projectRoot = "";
			targets = (
				030F66EE1ABCB267007BFDA8 /* AutoLayoutThirds */,
				030F67031ABCB267007BFDA8 /* AutoLayoutThirdsTests */,
			);
		};
/* End PBXProject section */

/* Begin PBXResourcesBuildPhase section */
		030F66ED1ABCB267007BFDA8 /* Resources */ = {
			isa = PBXResourcesBuildPhase;
			buildActionMask = 2147483647;
			files = (
				030F66FA1ABCB267007BFDA8 /* Main.storyboard in Resources */,
				030F66FF1ABCB267007BFDA8 /* LaunchScreen.xib in Resources */,
				030F66FC1ABCB267007BFDA8 /* Images.xcassets in Resources */,
			);
			runOnlyForDeploymentPostprocessing = 0;
		};
		030F67021ABCB267007BFDA8 /* Resources */ = {
			isa = PBXResourcesBuildPhase;
			buildActionMask = 2147483647;
			files = (
			);
			runOnlyForDeploymentPostprocessing = 0;
		};
/* End PBXResourcesBuildPhase section */

/* Begin PBXSourcesBuildPhase section */
		030F66EB1ABCB267007BFDA8 /* Sources */ = {
			isa = PBXSourcesBuildPhase;
			buildActionMask = 2147483647;
			files = (
				030F66F71ABCB267007BFDA8 /* ViewController.swift in Sources */,
				030F66F51ABCB267007BFDA8 /* AppDelegate.swift in Sources */,
			);
			runOnlyForDeploymentPostprocessing = 0;
		};
		030F67001ABCB267007BFDA8 /* Sources */ = {
			isa = PBXSourcesBuildPhase;
			buildActionMask = 2147483647;
			files = (
				030F670B1ABCB267007BFDA8 /* AutoLayoutThirdsTests.swift in Sources */,
			);
			runOnlyForDeploymentPostprocessing = 0;
		};
/* End PBXSourcesBuildPhase section */

/* Begin PBXTargetDependency section */
		030F67061ABCB267007BFDA8 /* PBXTargetDependency */ = {
			isa = PBXTargetDependency;
			target = 030F66EE1ABCB267007BFDA8 /* AutoLayoutThirds */;
			targetProxy = 030F67051ABCB267007BFDA8 /* PBXContainerItemProxy */;
		};
/* End PBXTargetDependency section */

/* Begin PBXVariantGroup section */
		030F66F81ABCB267007BFDA8 /* Main.storyboard */ = {
			isa = PBXVariantGroup;
			children = (
				030F66F91ABCB267007BFDA8 /* Base */,
			);
			name = Main.storyboard;
			sourceTree = "<group>";
		};
		030F66FD1ABCB267007BFDA8 /* LaunchScreen.xib */ = {
			isa = PBXVariantGroup;
			children = (
				030F66FE1ABCB267007BFDA8 /* Base */,
			);
			name = LaunchScreen.xib;
			sourceTree = "<group>";
		};
/* End PBXVariantGroup section */

/* Begin XCBuildConfiguration section */
		030F670C1ABCB267007BFDA8 /* Debug */ = {
			isa = XCBuildConfiguration;
			buildSettings = {
				ALWAYS_SEARCH_USER_PATHS = NO;
				CLANG_CXX_LANGUAGE_STANDARD = "gnu++0x";
				CLANG_CXX_LIBRARY = "libc++";
				CLANG_ENABLE_MODULES = YES;
				CLANG_ENABLE_OBJC_ARC = YES;
				CLANG_WARN_BOOL_CONVERSION = YES;
				CLANG_WARN_CONSTANT_CONVERSION = YES;
				CLANG_WARN_DIRECT_OBJC_ISA_USAGE = YES_ERROR;
				CLANG_WARN_EMPTY_BODY = YES;
				CLANG_WARN_ENUM_CONVERSION = YES;
				CLANG_WARN_INT_CONVERSION = YES;
				CLANG_WARN_OBJC_ROOT_CLASS = YES_ERROR;
				CLANG_WARN_UNREACHABLE_CODE = YES;
				CLANG_WARN__DUPLICATE_METHOD_MATCH = YES;
				"CODE_SIGN_IDENTITY[sdk=iphoneos*]" = "iPhone Developer";
				COPY_PHASE_STRIP = NO;
				ENABLE_STRICT_OBJC_MSGSEND = YES;
				GCC_C_LANGUAGE_STANDARD = gnu99;
				GCC_DYNAMIC_NO_PIC = NO;
				GCC_OPTIMIZATION_LEVEL = 0;
				GCC_PREPROCESSOR_DEFINITIONS = (
					"DEBUG=1",
					"$(inherited)",
				);
				GCC_SYMBOLS_PRIVATE_EXTERN = NO;
				GCC_WARN_64_TO_32_BIT_CONVERSION = YES;
				GCC_WARN_ABOUT_RETURN_TYPE = YES_ERROR;
				GCC_WARN_UNDECLARED_SELECTOR = YES;
				GCC_WARN_UNINITIALIZED_AUTOS = YES_AGGRESSIVE;
				GCC_WARN_UNUSED_FUNCTION = YES;
				GCC_WARN_UNUSED_VARIABLE = YES;
				IPHONEOS_DEPLOYMENT_TARGET = 8.2;
				MTL_ENABLE_DEBUG_INFO = YES;
				ONLY_ACTIVE_ARCH = YES;
				SDKROOT = iphoneos;
				SWIFT_OPTIMIZATION_LEVEL = "-Onone";
			};
			name = Debug;
		};
		030F670D1ABCB267007BFDA8 /* Release */ = {
			isa = XCBuildConfiguration;
			buildSettings = {
				ALWAYS_SEARCH_USER_PATHS = NO;
				CLANG_CXX_LANGUAGE_STANDARD = "gnu++0x";
				CLANG_CXX_LIBRARY = "libc++";
				CLANG_ENABLE_MODULES = YES;
				CLANG_ENABLE_OBJC_ARC = YES;
				CLANG_WARN_BOOL_CONVERSION = YES;
				CLANG_WARN_CONSTANT_CONVERSION = YES;
				CLANG_WARN_DIRECT_OBJC_ISA_USAGE = YES_ERROR;
				CLANG_WARN_EMPTY_BODY = YES;
				CLANG_WARN_ENUM_CONVERSION = YES;
				CLANG_WARN_INT_CONVERSION = YES;
				CLANG_WARN_OBJC_ROOT_CLASS = YES_ERROR;
				CLANG_WARN_UNREACHABLE_CODE = YES;
				CLANG_WARN__DUPLICATE_METHOD_MATCH = YES;
				"CODE_SIGN_IDENTITY[sdk=iphoneos*]" = "iPhone Developer";
				COPY_PHASE_STRIP = NO;
				ENABLE_NS_ASSERTIONS = NO;
				ENABLE_STRICT_OBJC_MSGSEND = YES;
				GCC_C_LANGUAGE_STANDARD = gnu99;
				GCC_WARN_64_TO_32_BIT_CONVERSION = YES;
				GCC_WARN_ABOUT_RETURN_TYPE = YES_ERROR;
				GCC_WARN_UNDECLARED_SELECTOR = YES;
				GCC_WARN_UNINITIALIZED_AUTOS = YES_AGGRESSIVE;
				GCC_WARN_UNUSED_FUNCTION = YES;
				GCC_WARN_UNUSED_VARIABLE = YES;
				IPHONEOS_DEPLOYMENT_TARGET = 8.2;
				MTL_ENABLE_DEBUG_INFO = NO;
				SDKROOT = iphoneos;
				VALIDATE_PRODUCT = YES;
			};
			name = Release;
		};
		030F670F1ABCB267007BFDA8 /* Debug */ = {
			isa = XCBuildConfiguration;
			buildSettings = {
				ASSETCATALOG_COMPILER_APPICON_NAME = AppIcon;
				INFOPLIST_FILE = AutoLayoutThirds/Info.plist;
				LD_RUNPATH_SEARCH_PATHS = "$(inherited) @executable_path/Frameworks";
				PRODUCT_NAME = "$(TARGET_NAME)";
			};
			name = Debug;
		};
		030F67101ABCB267007BFDA8 /* Release */ = {
			isa = XCBuildConfiguration;
			buildSettings = {
				ASSETCATALOG_COMPILER_APPICON_NAME = AppIcon;
				INFOPLIST_FILE = AutoLayoutThirds/Info.plist;
				LD_RUNPATH_SEARCH_PATHS = "$(inherited) @executable_path/Frameworks";
				PRODUCT_NAME = "$(TARGET_NAME)";
			};
			name = Release;
		};
		030F67121ABCB267007BFDA8 /* Debug */ = {
			isa = XCBuildConfiguration;
			buildSettings = {
				BUNDLE_LOADER = "$(TEST_HOST)";
				FRAMEWORK_SEARCH_PATHS = (
					"$(SDKROOT)/Developer/Library/Frameworks",
					"$(inherited)",
				);
				GCC_PREPROCESSOR_DEFINITIONS = (
					"DEBUG=1",
					"$(inherited)",
				);
				INFOPLIST_FILE = AutoLayoutThirdsTests/Info.plist;
				LD_RUNPATH_SEARCH_PATHS = "$(inherited) @executable_path/Frameworks @loader_path/Frameworks";
				PRODUCT_NAME = "$(TARGET_NAME)";
				TEST_HOST = "$(BUILT_PRODUCTS_DIR)/AutoLayoutThirds.app/AutoLayoutThirds";
			};
			name = Debug;
		};
		030F67131ABCB267007BFDA8 /* Release */ = {
			isa = XCBuildConfiguration;
			buildSettings = {
				BUNDLE_LOADER = "$(TEST_HOST)";
				FRAMEWORK_SEARCH_PATHS = (
					"$(SDKROOT)/Developer/Library/Frameworks",
					"$(inherited)",
				);
				INFOPLIST_FILE = AutoLayoutThirdsTests/Info.plist;
				LD_RUNPATH_SEARCH_PATHS = "$(inherited) @executable_path/Frameworks @loader_path/Frameworks";
				PRODUCT_NAME = "$(TARGET_NAME)";
				TEST_HOST = "$(BUILT_PRODUCTS_DIR)/AutoLayoutThirds.app/AutoLayoutThirds";
			};
			name = Release;
		};
/* End XCBuildConfiguration section */

/* Begin XCConfigurationList section */
		030F66EA1ABCB267007BFDA8 /* Build configuration list for PBXProject "AutoLayoutThirds" */ = {
			isa = XCConfigurationList;
			buildConfigurations = (
				030F670C1ABCB267007BFDA8 /* Debug */,
				030F670D1ABCB267007BFDA8 /* Release */,
			);
			defaultConfigurationIsVisible = 0;
			defaultConfigurationName = Release;
		};
		030F670E1ABCB267007BFDA8 /* Build configuration list for PBXNativeTarget "AutoLayoutThirds" */ = {
			isa = XCConfigurationList;
			buildConfigurations = (
				030F670F1ABCB267007BFDA8 /* Debug */,
				030F67101ABCB267007BFDA8 /* Release */,
			);
			defaultConfigurationIsVisible = 0;
		};
		030F67111ABCB267007BFDA8 /* Build configuration list for PBXNativeTarget "AutoLayoutThirdsTests" */ = {
			isa = XCConfigurationList;
			buildConfigurations = (
				030F67121ABCB267007BFDA8 /* Debug */,
				030F67131ABCB267007BFDA8 /* Release */,
			);
			defaultConfigurationIsVisible = 0;
		};
/* End XCConfigurationList section */
	};
	rootObject = 030F66E71ABCB267007BFDA8 /* Project object */;
}
